
Microsoft Visual Studio Solution File, Format Version 12.00
# Visual Studio 2017
Project("{FAE04EC0-301F-11D3-BF4B-00C04F79EFBC}") = "Virtual Laboratory", "Virtual Laboratory.csproj", "{A5E86466-3A0C-518C-39BA-822B3D745AC1}"
EndProject
Project("{FAE04EC0-301F-11D3-BF4B-00C04F79EFBC}") = "Virtual Laboratory.Editor", "Virtual Laboratory.Editor.csproj", "{C5458B96-62A3-E159-16FE-B3A06EC1678B}"
EndProject
Global
	GlobalSection(SolutionConfigurationPlatforms) = preSolution
		Debug|Any CPU = Debug|Any CPU
		Release|Any CPU = Release|Any CPU
	EndGlobalSection
	GlobalSection(ProjectConfigurationPlatforms) = postSolution
		{A5E86466-3A0C-518C-39BA-822B3D745AC1}.Debug|Any CPU.ActiveCfg = Debug|Any CPU
		{A5E86466-3A0C-518C-39BA-822B3D745AC1}.Debug|Any CPU.Build.0 = Debug|Any CPU
		{A5E86466-3A0C-518C-39BA-822B3D745AC1}.Release|Any CPU.ActiveCfg = Release|Any CPU
		{A5E86466-3A0C-518C-39BA-822B3D745AC1}.Release|Any CPU.Build.0 = Release|Any CPU
		{C5458B96-62A3-E159-16FE-B3A06EC1678B}.Debug|Any CPU.ActiveCfg = Debug|Any CPU
		{C5458B96-62A3-E159-16FE-B3A06EC1678B}.Debug|Any CPU.Build.0 = Debug|Any CPU
		{C5458B96-62A3-E159-16FE-B3A06EC1678B}.Release|Any CPU.ActiveCfg = Release|Any CPU
		{C5458B96-62A3-E159-16FE-B3A06EC1678B}.Release|Any CPU.Build.0 = Release|Any CPU
	EndGlobalSection
	GlobalSection(SolutionProperties) = preSolution
		HideSolutionNode = FALSE
	EndGlobalSection
EndGlobal
